
Microsoft Visual Studio Solution File, Format Version 12.00
# Visual Studio 2012
Project("{FAE04EC0-301F-11D3-BF4B-00C04F79EFBC}") = "HunterCouch", "HunterCouch\HunterCouch.csproj", "{6705E39F-3F33-408C-96A1-523E2AD8F2B9}"
EndProject
Project("{2150E333-8FDC-42A3-9474-1A3956D46DE8}") = ".nuget", ".nuget", "{26659352-04C0-4B3E-85E7-438CB8046EA4}"
	ProjectSection(SolutionItems) = preProject
		.nuget\NuGet.Config = .nuget\NuGet.Config
		.nuget\NuGet.exe = .nuget\NuGet.exe
		.nuget\NuGet.targets = .nuget\NuGet.targets
	EndProjectSection
EndProject
Project("{FAE04EC0-301F-11D3-BF4B-00C04F79EFBC}") = "HunterCouch.Test", "HunterCouch.Test\HunterCouch.Test.csproj", "{A470F455-5342-4CDA-8C4D-DC0D41BB5A67}"
EndProject
Global
	GlobalSection(SolutionConfigurationPlatforms) = preSolution
		Debug|Any CPU = Debug|Any CPU
		Release|Any CPU = Release|Any CPU
	EndGlobalSection
	GlobalSection(ProjectConfigurationPlatforms) = postSolution
		{6705E39F-3F33-408C-96A1-523E2AD8F2B9}.Debug|Any CPU.ActiveCfg = Debug|Any CPU
		{6705E39F-3F33-408C-96A1-523E2AD8F2B9}.Debug|Any CPU.Build.0 = Debug|Any CPU
		{6705E39F-3F33-408C-96A1-523E2AD8F2B9}.Release|Any CPU.ActiveCfg = Release|Any CPU
		{6705E39F-3F33-408C-96A1-523E2AD8F2B9}.Release|Any CPU.Build.0 = Release|Any CPU
		{A470F455-5342-4CDA-8C4D-DC0D41BB5A67}.Debug|Any CPU.ActiveCfg = Debug|Any CPU
		{A470F455-5342-4CDA-8C4D-DC0D41BB5A67}.Debug|Any CPU.Build.0 = Debug|Any CPU
		{A470F455-5342-4CDA-8C4D-DC0D41BB5A67}.Release|Any CPU.ActiveCfg = Release|Any CPU
		{A470F455-5342-4CDA-8C4D-DC0D41BB5A67}.Release|Any CPU.Build.0 = Release|Any CPU
	EndGlobalSection
	GlobalSection(SolutionProperties) = preSolution
		HideSolutionNode = FALSE
	EndGlobalSection
EndGlobal
